github.com/google/go-cmp v0.7.0 h1:wk8382ETsv4JYUZwIsn6YpYiWiBsYLSJiTsyBybVuN8=
github.com/google/go-cmp v0.7.0/go.mod h1:pXiqmnSA92OHEEa9HXL2W4E7lf9JzCmGVUdgjX3N/iU=
github.com/libdns/libdns v1.1.0 h1:9ze/tWvt7Df6sbhOJRB8jT33GHEHpEQXdtkE3hPthbU=
github.com/libdns/libdns v1.1.0/go.mod h1:4Bj9+5CQiNMVGf87wjX4CY3HQJypUHRuLvlsfsZqLWQ=
github.com/libdns/namecheap v0.0.0-20250523201144-144eb6168d52 h1:kV0L03h9sbiZInF9L+V3Cb5SDD9jnA0mitzKkCg6TDk=
github.com/libdns/namecheap v0.0.0-20250523201144-144eb6168d52/go.mod h1:jo2LWZSD/g/scevxNSp2kWtdMIXfsgWxrtSc3Z0Yy/I=
